// !$*UTF8*$!
{
	archiveVersion = 1;
	classes = {
	};
	objectVersion = 56;
	objects = {

/* Begin PBXBuildFile section */
		9015A17429F299D2001582E2 /* NavigationController.swift in Sources */ = {isa = PBXBuildFile; fileRef = 9015A17329F299D2001582E2 /* NavigationController.swift */; };
		9025A5F929FD9A8C00C83264 /* CreatedSchedulesView.swift in Sources */ = {isa = PBXBuildFile; fileRef = 9025A5F829FD9A8C00C83264 /* CreatedSchedulesView.swift */; };
		9025A5FB29FD9FA300C83264 /* ScheduleStore.swift in Sources */ = {isa = PBXBuildFile; fileRef = 9025A5FA29FD9FA300C83264 /* ScheduleStore.swift */; };
		904951E42ADAAB1100C90D55 /* WeightLogView.swift in Sources */ = {isa = PBXBuildFile; fileRef = 904951E32ADAAB1100C90D55 /* WeightLogView.swift */; };
		904951E62ADFF76D00C90D55 /* WeightLogEntries.swift in Sources */ = {isa = PBXBuildFile; fileRef = 904951E52ADFF76D00C90D55 /* WeightLogEntries.swift */; };
		9049808329F1372300935CF4 /* ExerciseData.swift in Sources */ = {isa = PBXBuildFile; fileRef = 9049808229F1372300935CF4 /* ExerciseData.swift */; };
		905B714D2A1EB48D0042FDEE /* EditPBView.swift in Sources */ = {isa = PBXBuildFile; fileRef = 905B714C2A1EB48D0042FDEE /* EditPBView.swift */; };
		906007E42A1CF7B6005D76ED /* PersonalBestsView.swift in Sources */ = {isa = PBXBuildFile; fileRef = 906007E32A1CF7B6005D76ED /* PersonalBestsView.swift */; };
		906DA68229F44135005EE857 /* CalendarView.swift in Sources */ = {isa = PBXBuildFile; fileRef = 906DA68129F44135005EE857 /* CalendarView.swift */; };
		9079BEC329F9294300A1D1B8 /* EditLogEntryView.swift in Sources */ = {isa = PBXBuildFile; fileRef = 9079BEC229F9294300A1D1B8 /* EditLogEntryView.swift */; };
		9086AF4729EE0DA80084462D /* The_ProcessApp.swift in Sources */ = {isa = PBXBuildFile; fileRef = 9086AF4629EE0DA80084462D /* The_ProcessApp.swift */; };
		9086AF4929EE0DA80084462D /* ContentView.swift in Sources */ = {isa = PBXBuildFile; fileRef = 9086AF4829EE0DA80084462D /* ContentView.swift */; };
		9086AF4B29EE0DA80084462D /* Assets.xcassets in Resources */ = {isa = PBXBuildFile; fileRef = 9086AF4A29EE0DA80084462D /* Assets.xcassets */; };
		9086AF4E29EE0DA80084462D /* Preview Assets.xcassets in Resources */ = {isa = PBXBuildFile; fileRef = 9086AF4D29EE0DA80084462D /* Preview Assets.xcassets */; };
		9086AF5729EE0EEC0084462D /* GymSchedule.swift in Sources */ = {isa = PBXBuildFile; fileRef = 9086AF5629EE0EEC0084462D /* GymSchedule.swift */; };
		909115252D08C4D700A4762D /* CardHolder.swift in Sources */ = {isa = PBXBuildFile; fileRef = 909115242D08C4D700A4762D /* CardHolder.swift */; };
		909F565B29F1EA9B002738DA /* LogView.swift in Sources */ = {isa = PBXBuildFile; fileRef = 909F565A29F1EA9B002738DA /* LogView.swift */; };
		90AF5AAE29F6D12E00200E04 /* OneRepMaxView.swift in Sources */ = {isa = PBXBuildFile; fileRef = 90AF5AAD29F6D12E00200E04 /* OneRepMaxView.swift */; };
		90AF5AB029F6D12E00200E04 /* LogEntriesView.swift in Sources */ = {isa = PBXBuildFile; fileRef = 90AF5AAF29F6D12E00200E04 /* LogEntriesView.swift */; };
		90AF5AB229F6D12E00200E04 /* LogEntry.swift in Sources */ = {isa = PBXBuildFile; fileRef = 90AF5AB129F6D12E00200E04 /* LogEntry.swift */; };
		90B86D8E29F9C57700A2CBBC /* CreateScheduleView.swift in Sources */ = {isa = PBXBuildFile; fileRef = 90B86D8D29F9C57700A2CBBC /* CreateScheduleView.swift */; };
		90D01D1829EEAD7800107E70 /* ScheduleUtilities.swift in Sources */ = {isa = PBXBuildFile; fileRef = 90D01D1729EEAD7800107E70 /* ScheduleUtilities.swift */; };
		90D01D1A29EEAE8A00107E70 /* GymScheduleView.swift in Sources */ = {isa = PBXBuildFile; fileRef = 90D01D1929EEAE8A00107E70 /* GymScheduleView.swift */; };
		90E418682ADDD9B4001A8864 /* GymMemberView.swift in Sources */ = {isa = PBXBuildFile; fileRef = 90E418672ADDD9B4001A8864 /* GymMemberView.swift */; };
		90E4186B2ADDDB45001A8864 /* CodeScanner in Frameworks */ = {isa = PBXBuildFile; productRef = 90E4186A2ADDDB45001A8864 /* CodeScanner */; };
/* End PBXBuildFile section */

/* Begin PBXFileReference section */
		9015A17329F299D2001582E2 /* NavigationController.swift */ = {isa = PBXFileReference; lastKnownFileType = sourcecode.swift; path = NavigationController.swift; sourceTree = "<group>"; };
		9025A5F829FD9A8C00C83264 /* CreatedSchedulesView.swift */ = {isa = PBXFileReference; lastKnownFileType = sourcecode.swift; path = CreatedSchedulesView.swift; sourceTree = "<group>"; };
		9025A5FA29FD9FA300C83264 /* ScheduleStore.swift */ = {isa = PBXFileReference; lastKnownFileType = sourcecode.swift; path = ScheduleStore.swift; sourceTree = "<group>"; };
		904951E32ADAAB1100C90D55 /* WeightLogView.swift */ = {isa = PBXFileReference; lastKnownFileType = sourcecode.swift; path = WeightLogView.swift; sourceTree = "<group>"; };
		904951E52ADFF76D00C90D55 /* WeightLogEntries.swift */ = {isa = PBXFileReference; lastKnownFileType = sourcecode.swift; path = WeightLogEntries.swift; sourceTree = "<group>"; };
		9049808229F1372300935CF4 /* ExerciseData.swift */ = {isa = PBXFileReference; lastKnownFileType = sourcecode.swift; path = ExerciseData.swift; sourceTree = "<group>"; };
		905B714C2A1EB48D0042FDEE /* EditPBView.swift */ = {isa = PBXFileReference; lastKnownFileType = sourcecode.swift; path = EditPBView.swift; sourceTree = "<group>"; };
		906007E32A1CF7B6005D76ED /* PersonalBestsView.swift */ = {isa = PBXFileReference; lastKnownFileType = sourcecode.swift; path = PersonalBestsView.swift; sourceTree = "<group>"; };
		906DA68129F44135005EE857 /* CalendarView.swift */ = {isa = PBXFileReference; lastKnownFileType = sourcecode.swift; path = CalendarView.swift; sourceTree = "<group>"; };
		9079BEC229F9294300A1D1B8 /* EditLogEntryView.swift */ = {isa = PBXFileReference; lastKnownFileType = sourcecode.swift; path = EditLogEntryView.swift; sourceTree = "<group>"; };
		9086AF4329EE0DA80084462D /* The Process.app */ = {isa = PBXFileReference; explicitFileType = wrapper.application; includeInIndex = 0; path = "The Process.app"; sourceTree = BUILT_PRODUCTS_DIR; };
		9086AF4629EE0DA80084462D /* The_ProcessApp.swift */ = {isa = PBXFileReference; lastKnownFileType = sourcecode.swift; path = The_ProcessApp.swift; sourceTree = "<group>"; };
		9086AF4829EE0DA80084462D /* ContentView.swift */ = {isa = PBXFileReference; lastKnownFileType = sourcecode.swift; path = ContentView.swift; sourceTree = "<group>"; };
		9086AF4A29EE0DA80084462D /* Assets.xcassets */ = {isa = PBXFileReference; lastKnownFileType = folder.assetcatalog; path = Assets.xcassets; sourceTree = "<group>"; };
		9086AF4D29EE0DA80084462D /* Preview Assets.xcassets */ = {isa = PBXFileReference; lastKnownFileType = folder.assetcatalog; path = "Preview Assets.xcassets"; sourceTree = "<group>"; };
		9086AF5629EE0EEC0084462D /* GymSchedule.swift */ = {isa = PBXFileReference; lastKnownFileType = sourcecode.swift; path = GymSchedule.swift; sourceTree = "<group>"; };
		909115242D08C4D700A4762D /* CardHolder.swift */ = {isa = PBXFileReference; lastKnownFileType = sourcecode.swift; path = CardHolder.swift; sourceTree = "<group>"; };
		909F565A29F1EA9B002738DA /* LogView.swift */ = {isa = PBXFileReference; lastKnownFileType = sourcecode.swift; path = LogView.swift; sourceTree = "<group>"; };
		90AF5AAD29F6D12E00200E04 /* OneRepMaxView.swift */ = {isa = PBXFileReference; lastKnownFileType = sourcecode.swift; path = OneRepMaxView.swift; sourceTree = "<group>"; };
		90AF5AAF29F6D12E00200E04 /* LogEntriesView.swift */ = {isa = PBXFileReference; lastKnownFileType = sourcecode.swift; path = LogEntriesView.swift; sourceTree = "<group>"; };
		90AF5AB129F6D12E00200E04 /* LogEntry.swift */ = {isa = PBXFileReference; lastKnownFileType = sourcecode.swift; path = LogEntry.swift; sourceTree = "<group>"; };
		90B86D8D29F9C57700A2CBBC /* CreateScheduleView.swift */ = {isa = PBXFileReference; lastKnownFileType = sourcecode.swift; path = CreateScheduleView.swift; sourceTree = "<group>"; };
		90D01D1729EEAD7800107E70 /* ScheduleUtilities.swift */ = {isa = PBXFileReference; lastKnownFileType = sourcecode.swift; path = ScheduleUtilities.swift; sourceTree = "<group>"; };
		90D01D1929EEAE8A00107E70 /* GymScheduleView.swift */ = {isa = PBXFileReference; lastKnownFileType = sourcecode.swift; path = GymScheduleView.swift; sourceTree = "<group>"; };
		90E418672ADDD9B4001A8864 /* GymMemberView.swift */ = {isa = PBXFileReference; lastKnownFileType = sourcecode.swift; path = GymMemberView.swift; sourceTree = "<group>"; };
/* End PBXFileReference section */

/* Begin PBXFrameworksBuildPhase section */
		9086AF4029EE0DA80084462D /* Frameworks */ = {
			isa = PBXFrameworksBuildPhase;
			buildActionMask = 2147483647;
			files = (
				90E4186B2ADDDB45001A8864 /* CodeScanner in Frameworks */,
			);
			runOnlyForDeploymentPostprocessing = 0;
		};
/* End PBXFrameworksBuildPhase section */

/* Begin PBXGroup section */
		9025A5FE29FDA8E600C83264 /* Create Schedule */ = {
			isa = PBXGroup;
			children = (
				90B86D8D29F9C57700A2CBBC /* CreateScheduleView.swift */,
				9025A5F829FD9A8C00C83264 /* CreatedSchedulesView.swift */,
				9025A5FA29FD9FA300C83264 /* ScheduleStore.swift */,
			);
			path = "Create Schedule";
			sourceTree = "<group>";
		};
		904951E02ADAAA5200C90D55 /* Weight Log */ = {
			isa = PBXGroup;
			children = (
				904951E52ADFF76D00C90D55 /* WeightLogEntries.swift */,
				904951E32ADAAB1100C90D55 /* WeightLogView.swift */,
			);
			path = "Weight Log";
			sourceTree = "<group>";
		};
		906007E02A1CF6A9005D76ED /* PersonalBest */ = {
			isa = PBXGroup;
			children = (
				906007E32A1CF7B6005D76ED /* PersonalBestsView.swift */,
				905B714C2A1EB48D0042FDEE /* EditPBView.swift */,
			);
			path = PersonalBest;
			sourceTree = "<group>";
		};
		9086AF3A29EE0DA80084462D = {
			isa = PBXGroup;
			children = (
				9086AF4529EE0DA80084462D /* The Process */,
				9086AF4429EE0DA80084462D /* Products */,
			);
			sourceTree = "<group>";
		};
		9086AF4429EE0DA80084462D /* Products */ = {
			isa = PBXGroup;
			children = (
				9086AF4329EE0DA80084462D /* The Process.app */,
			);
			name = Products;
			sourceTree = "<group>";
		};
		9086AF4529EE0DA80084462D /* The Process */ = {
			isa = PBXGroup;
			children = (
				9086AF4629EE0DA80084462D /* The_ProcessApp.swift */,
				9086AF4829EE0DA80084462D /* ContentView.swift */,
				9086AF4C29EE0DA80084462D /* Preview Content */,
				9025A5FE29FDA8E600C83264 /* Create Schedule */,
				90B86D8729F9C11D00A2CBBC /* Gym Schedule */,
				90B86D8A29F9C19600A2CBBC /* Logs */,
				90B86D8829F9C15200A2CBBC /* Calendar */,
				90B86D8C29F9C20300A2CBBC /* One Rep Max */,
				906007E02A1CF6A9005D76ED /* PersonalBest */,
				904951E02ADAAA5200C90D55 /* Weight Log */,
				90E418702ADDF337001A8864 /* Membership */,
				9086AF4A29EE0DA80084462D /* Assets.xcassets */,
			);
			path = "The Process";
			sourceTree = "<group>";
		};
		9086AF4C29EE0DA80084462D /* Preview Content */ = {
			isa = PBXGroup;
			children = (
				9086AF4D29EE0DA80084462D /* Preview Assets.xcassets */,
			);
			path = "Preview Content";
			sourceTree = "<group>";
		};
		90B86D8729F9C11D00A2CBBC /* Gym Schedule */ = {
			isa = PBXGroup;
			children = (
				90D01D1729EEAD7800107E70 /* ScheduleUtilities.swift */,
				9049808229F1372300935CF4 /* ExerciseData.swift */,
				90D01D1929EEAE8A00107E70 /* GymScheduleView.swift */,
				9086AF5629EE0EEC0084462D /* GymSchedule.swift */,
			);
			path = "Gym Schedule";
			sourceTree = "<group>";
		};
		90B86D8829F9C15200A2CBBC /* Calendar */ = {
			isa = PBXGroup;
			children = (
				906DA68129F44135005EE857 /* CalendarView.swift */,
			);
			path = Calendar;
			sourceTree = "<group>";
		};
		90B86D8A29F9C19600A2CBBC /* Logs */ = {
			isa = PBXGroup;
			children = (
				9015A17329F299D2001582E2 /* NavigationController.swift */,
				909F565A29F1EA9B002738DA /* LogView.swift */,
				90B86D8B29F9C1BE00A2CBBC /* Log Entry */,
			);
			path = Logs;
			sourceTree = "<group>";
		};
		90B86D8B29F9C1BE00A2CBBC /* Log Entry */ = {
			isa = PBXGroup;
			children = (
				90AF5AB129F6D12E00200E04 /* LogEntry.swift */,
				90AF5AAF29F6D12E00200E04 /* LogEntriesView.swift */,
				9079BEC229F9294300A1D1B8 /* EditLogEntryView.swift */,
			);
			path = "Log Entry";
			sourceTree = "<group>";
		};
		90B86D8C29F9C20300A2CBBC /* One Rep Max */ = {
			isa = PBXGroup;
			children = (
				90AF5AAD29F6D12E00200E04 /* OneRepMaxView.swift */,
			);
			path = "One Rep Max";
			sourceTree = "<group>";
		};
		90E418702ADDF337001A8864 /* Membership */ = {
			isa = PBXGroup;
			children = (
				90E418672ADDD9B4001A8864 /* GymMemberView.swift */,
				909115242D08C4D700A4762D /* CardHolder.swift */,
			);
			path = Membership;
			sourceTree = "<group>";
		};
/* End PBXGroup section */

/* Begin PBXNativeTarget section */
		9086AF4229EE0DA80084462D /* The Process */ = {
			isa = PBXNativeTarget;
			buildConfigurationList = 9086AF5129EE0DA80084462D /* Build configuration list for PBXNativeTarget "The Process" */;
			buildPhases = (
				9086AF3F29EE0DA80084462D /* Sources */,
				9086AF4029EE0DA80084462D /* Frameworks */,
				9086AF4129EE0DA80084462D /* Resources */,
			);
			buildRules = (
			);
			dependencies = (
			);
			name = "The Process";
			packageProductDependencies = (
				90E4186A2ADDDB45001A8864 /* CodeScanner */,
			);
			productName = "The Process";
			productReference = 9086AF4329EE0DA80084462D /* The Process.app */;
			productType = "com.apple.product-type.application";
		};
/* End PBXNativeTarget section */

/* Begin PBXProject section */
		9086AF3B29EE0DA80084462D /* Project object */ = {
			isa = PBXProject;
			attributes = {
				BuildIndependentTargetsInParallel = 1;
				LastSwiftUpdateCheck = 1430;
				LastUpgradeCheck = 1430;
				TargetAttributes = {
					9086AF4229EE0DA80084462D = {
						CreatedOnToolsVersion = 14.3;
					};
				};
			};
			buildConfigurationList = 9086AF3E29EE0DA80084462D /* Build configuration list for PBXProject "The Process" */;
			compatibilityVersion = "Xcode 14.0";
			developmentRegion = en;
			hasScannedForEncodings = 0;
			knownRegions = (
				en,
				Base,
			);
			mainGroup = 9086AF3A29EE0DA80084462D;
			packageReferences = (
				90E418692ADDDB45001A8864 /* XCRemoteSwiftPackageReference "CodeScanner" */,
			);
			productRefGroup = 9086AF4429EE0DA80084462D /* Products */;
			projectDirPath = "";
			projectRoot = "";
			targets = (
				9086AF4229EE0DA80084462D /* The Process */,
			);
		};
/* End PBXProject section */

/* Begin PBXResourcesBuildPhase section */
		9086AF4129EE0DA80084462D /* Resources */ = {
			isa = PBXResourcesBuildPhase;
			buildActionMask = 2147483647;
			files = (
				9086AF4E29EE0DA80084462D /* Preview Assets.xcassets in Resources */,
				9086AF4B29EE0DA80084462D /* Assets.xcassets in Resources */,
			);
			runOnlyForDeploymentPostprocessing = 0;
		};
/* End PBXResourcesBuildPhase section */

/* Begin PBXSourcesBuildPhase section */
		9086AF3F29EE0DA80084462D /* Sources */ = {
			isa = PBXSourcesBuildPhase;
			buildActionMask = 2147483647;
			files = (
				90AF5AAE29F6D12E00200E04 /* OneRepMaxView.swift in Sources */,
				9086AF5729EE0EEC0084462D /* GymSchedule.swift in Sources */,
				9015A17429F299D2001582E2 /* NavigationController.swift in Sources */,
				906007E42A1CF7B6005D76ED /* PersonalBestsView.swift in Sources */,
				90B86D8E29F9C57700A2CBBC /* CreateScheduleView.swift in Sources */,
				904951E62ADFF76D00C90D55 /* WeightLogEntries.swift in Sources */,
				9049808329F1372300935CF4 /* ExerciseData.swift in Sources */,
				909115252D08C4D700A4762D /* CardHolder.swift in Sources */,
				9086AF4929EE0DA80084462D /* ContentView.swift in Sources */,
				90AF5AB229F6D12E00200E04 /* LogEntry.swift in Sources */,
				9086AF4729EE0DA80084462D /* The_ProcessApp.swift in Sources */,
				9025A5FB29FD9FA300C83264 /* ScheduleStore.swift in Sources */,
				906DA68229F44135005EE857 /* CalendarView.swift in Sources */,
				90AF5AB029F6D12E00200E04 /* LogEntriesView.swift in Sources */,
				905B714D2A1EB48D0042FDEE /* EditPBView.swift in Sources */,
				9025A5F929FD9A8C00C83264 /* CreatedSchedulesView.swift in Sources */,
				90D01D1A29EEAE8A00107E70 /* GymScheduleView.swift in Sources */,
				9079BEC329F9294300A1D1B8 /* EditLogEntryView.swift in Sources */,
				90D01D1829EEAD7800107E70 /* ScheduleUtilities.swift in Sources */,
				904951E42ADAAB1100C90D55 /* WeightLogView.swift in Sources */,
				909F565B29F1EA9B002738DA /* LogView.swift in Sources */,
				90E418682ADDD9B4001A8864 /* GymMemberView.swift in Sources */,
			);
			runOnlyForDeploymentPostprocessing = 0;
		};
/* End PBXSourcesBuildPhase section */

/* Begin XCBuildConfiguration section */
		9086AF4F29EE0DA80084462D /* Debug */ = {
			isa = XCBuildConfiguration;
			buildSettings = {
				ALWAYS_SEARCH_USER_PATHS = NO;
				CLANG_ANALYZER_NONNULL = YES;
				CLANG_ANALYZER_NUMBER_OBJECT_CONVERSION = YES_AGGRESSIVE;
				CLANG_CXX_LANGUAGE_STANDARD = "gnu++20";
				CLANG_ENABLE_MODULES = YES;
				CLANG_ENABLE_OBJC_ARC = YES;
				CLANG_ENABLE_OBJC_WEAK = YES;
				CLANG_WARN_BLOCK_CAPTURE_AUTORELEASING = YES;
				CLANG_WARN_BOOL_CONVERSION = YES;
				CLANG_WARN_COMMA = YES;
				CLANG_WARN_CONSTANT_CONVERSION = YES;
				CLANG_WARN_DEPRECATED_OBJC_IMPLEMENTATIONS = YES;
				CLANG_WARN_DIRECT_OBJC_ISA_USAGE = YES_ERROR;
				CLANG_WARN_DOCUMENTATION_COMMENTS = YES;
				CLANG_WARN_EMPTY_BODY = YES;
				CLANG_WARN_ENUM_CONVERSION = YES;
				CLANG_WARN_INFINITE_RECURSION = YES;
				CLANG_WARN_INT_CONVERSION = YES;
				CLANG_WARN_NON_LITERAL_NULL_CONVERSION = YES;
				CLANG_WARN_OBJC_IMPLICIT_RETAIN_SELF = YES;
				CLANG_WARN_OBJC_LITERAL_CONVERSION = YES;
				CLANG_WARN_OBJC_ROOT_CLASS = YES_ERROR;
				CLANG_WARN_QUOTED_INCLUDE_IN_FRAMEWORK_HEADER = YES;
				CLANG_WARN_RANGE_LOOP_ANALYSIS = YES;
				CLANG_WARN_STRICT_PROTOTYPES = YES;
				CLANG_WARN_SUSPICIOUS_MOVE = YES;
				CLANG_WARN_UNGUARDED_AVAILABILITY = YES_AGGRESSIVE;
				CLANG_WARN_UNREACHABLE_CODE = YES;
				CLANG_WARN__DUPLICATE_METHOD_MATCH = YES;
				COPY_PHASE_STRIP = NO;
				DEBUG_INFORMATION_FORMAT = dwarf;
				ENABLE_STRICT_OBJC_MSGSEND = YES;
				ENABLE_TESTABILITY = YES;
				GCC_C_LANGUAGE_STANDARD = gnu11;
				GCC_DYNAMIC_NO_PIC = NO;
				GCC_NO_COMMON_BLOCKS = YES;
				GCC_OPTIMIZATION_LEVEL = 0;
				GCC_PREPROCESSOR_DEFINITIONS = (
					"DEBUG=1",
					"$(inherited)",
				);
				GCC_WARN_64_TO_32_BIT_CONVERSION = YES;
				GCC_WARN_ABOUT_RETURN_TYPE = YES_ERROR;
				GCC_WARN_UNDECLARED_SELECTOR = YES;
				GCC_WARN_UNINITIALIZED_AUTOS = YES_AGGRESSIVE;
				GCC_WARN_UNUSED_FUNCTION = YES;
				GCC_WARN_UNUSED_VARIABLE = YES;
				IPHONEOS_DEPLOYMENT_TARGET = 16.4;
				MTL_ENABLE_DEBUG_INFO = INCLUDE_SOURCE;
				MTL_FAST_MATH = YES;
				ONLY_ACTIVE_ARCH = YES;
				SDKROOT = iphoneos;
				SWIFT_ACTIVE_COMPILATION_CONDITIONS = DEBUG;
				SWIFT_OPTIMIZATION_LEVEL = "-Onone";
			};
			name = Debug;
		};
		9086AF5029EE0DA80084462D /* Release */ = {
			isa = XCBuildConfiguration;
			buildSettings = {
				ALWAYS_SEARCH_USER_PATHS = NO;
				CLANG_ANALYZER_NONNULL = YES;
				CLANG_ANALYZER_NUMBER_OBJECT_CONVERSION = YES_AGGRESSIVE;
				CLANG_CXX_LANGUAGE_STANDARD = "gnu++20";
				CLANG_ENABLE_MODULES = YES;
				CLANG_ENABLE_OBJC_ARC = YES;
				CLANG_ENABLE_OBJC_WEAK = YES;
				CLANG_WARN_BLOCK_CAPTURE_AUTORELEASING = YES;
				CLANG_WARN_BOOL_CONVERSION = YES;
				CLANG_WARN_COMMA = YES;
				CLANG_WARN_CONSTANT_CONVERSION = YES;
				CLANG_WARN_DEPRECATED_OBJC_IMPLEMENTATIONS = YES;
				CLANG_WARN_DIRECT_OBJC_ISA_USAGE = YES_ERROR;
				CLANG_WARN_DOCUMENTATION_COMMENTS = YES;
				CLANG_WARN_EMPTY_BODY = YES;
				CLANG_WARN_ENUM_CONVERSION = YES;
				CLANG_WARN_INFINITE_RECURSION = YES;
				CLANG_WARN_INT_CONVERSION = YES;
				CLANG_WARN_NON_LITERAL_NULL_CONVERSION = YES;
				CLANG_WARN_OBJC_IMPLICIT_RETAIN_SELF = YES;
				CLANG_WARN_OBJC_LITERAL_CONVERSION = YES;
				CLANG_WARN_OBJC_ROOT_CLASS = YES_ERROR;
				CLANG_WARN_QUOTED_INCLUDE_IN_FRAMEWORK_HEADER = YES;
				CLANG_WARN_RANGE_LOOP_ANALYSIS = YES;
				CLANG_WARN_STRICT_PROTOTYPES = YES;
				CLANG_WARN_SUSPICIOUS_MOVE = YES;
				CLANG_WARN_UNGUARDED_AVAILABILITY = YES_AGGRESSIVE;
				CLANG_WARN_UNREACHABLE_CODE = YES;
				CLANG_WARN__DUPLICATE_METHOD_MATCH = YES;
				COPY_PHASE_STRIP = NO;
				DEBUG_INFORMATION_FORMAT = "dwarf-with-dsym";
				ENABLE_NS_ASSERTIONS = NO;
				ENABLE_STRICT_OBJC_MSGSEND = YES;
				GCC_C_LANGUAGE_STANDARD = gnu11;
				GCC_NO_COMMON_BLOCKS = YES;
				GCC_WARN_64_TO_32_BIT_CONVERSION = YES;
				GCC_WARN_ABOUT_RETURN_TYPE = YES_ERROR;
				GCC_WARN_UNDECLARED_SELECTOR = YES;
				GCC_WARN_UNINITIALIZED_AUTOS = YES_AGGRESSIVE;
				GCC_WARN_UNUSED_FUNCTION = YES;
				GCC_WARN_UNUSED_VARIABLE = YES;
				IPHONEOS_DEPLOYMENT_TARGET = 16.4;
				MTL_ENABLE_DEBUG_INFO = NO;
				MTL_FAST_MATH = YES;
				SDKROOT = iphoneos;
				SWIFT_COMPILATION_MODE = wholemodule;
				SWIFT_OPTIMIZATION_LEVEL = "-O";
				VALIDATE_PRODUCT = YES;
			};
			name = Release;
		};
		9086AF5229EE0DA80084462D /* Debug */ = {
			isa = XCBuildConfiguration;
			buildSettings = {
				ASSETCATALOG_COMPILER_APPICON_NAME = AppIcon;
				ASSETCATALOG_COMPILER_GLOBAL_ACCENT_COLOR_NAME = AccentColor;
				CODE_SIGN_STYLE = Automatic;
				CURRENT_PROJECT_VERSION = 1;
				DEVELOPMENT_ASSET_PATHS = "\"The Process/Preview Content\"";
				DEVELOPMENT_TEAM = EWEU97YL6G;
				ENABLE_PREVIEWS = YES;
				GENERATE_INFOPLIST_FILE = YES;
				INFOPLIST_KEY_NSCameraUsageDescription = "Allow Camera for QR Scanning";
				INFOPLIST_KEY_UIApplicationSceneManifest_Generation = YES;
				INFOPLIST_KEY_UIApplicationSupportsIndirectInputEvents = YES;
				INFOPLIST_KEY_UILaunchScreen_Generation = YES;
				INFOPLIST_KEY_UISupportedInterfaceOrientations_iPad = "UIInterfaceOrientationPortrait UIInterfaceOrientationPortraitUpsideDown UIInterfaceOrientationLandscapeLeft UIInterfaceOrientationLandscapeRight";
				INFOPLIST_KEY_UISupportedInterfaceOrientations_iPhone = "UIInterfaceOrientationPortrait UIInterfaceOrientationLandscapeLeft UIInterfaceOrientationLandscapeRight";
				LD_RUNPATH_SEARCH_PATHS = (
					"$(inherited)",
					"@executable_path/Frameworks",
				);
				MARKETING_VERSION = 1.0;
				PRODUCT_BUNDLE_IDENTIFIER = "com.adamelsoudi.The-Process";
				PRODUCT_NAME = "$(TARGET_NAME)";
				SWIFT_EMIT_LOC_STRINGS = YES;
				SWIFT_VERSION = 5.0;
				TARGETED_DEVICE_FAMILY = "1,2";
			};
			name = Debug;
		};
		9086AF5329EE0DA80084462D /* Release */ = {
			isa = XCBuildConfiguration;
			buildSettings = {
				ASSETCATALOG_COMPILER_APPICON_NAME = AppIcon;
				ASSETCATALOG_COMPILER_GLOBAL_ACCENT_COLOR_NAME = AccentColor;
				CODE_SIGN_STYLE = Automatic;
				CURRENT_PROJECT_VERSION = 1;
				DEVELOPMENT_ASSET_PATHS = "\"The Process/Preview Content\"";
				DEVELOPMENT_TEAM = EWEU97YL6G;
				ENABLE_PREVIEWS = YES;
				GENERATE_INFOPLIST_FILE = YES;
				INFOPLIST_KEY_NSCameraUsageDescription = "Allow Camera for QR Scanning";
				INFOPLIST_KEY_UIApplicationSceneManifest_Generation = YES;
				INFOPLIST_KEY_UIApplicationSupportsIndirectInputEvents = YES;
				INFOPLIST_KEY_UILaunchScreen_Generation = YES;
				INFOPLIST_KEY_UISupportedInterfaceOrientations_iPad = "UIInterfaceOrientationPortrait UIInterfaceOrientationPortraitUpsideDown UIInterfaceOrientationLandscapeLeft UIInterfaceOrientationLandscapeRight";
				INFOPLIST_KEY_UISupportedInterfaceOrientations_iPhone = "UIInterfaceOrientationPortrait UIInterfaceOrientationLandscapeLeft UIInterfaceOrientationLandscapeRight";
				LD_RUNPATH_SEARCH_PATHS = (
					"$(inherited)",
					"@executable_path/Frameworks",
				);
				MARKETING_VERSION = 1.0;
				PRODUCT_BUNDLE_IDENTIFIER = "com.adamelsoudi.The-Process";
				PRODUCT_NAME = "$(TARGET_NAME)";
				SWIFT_EMIT_LOC_STRINGS = YES;
				SWIFT_VERSION = 5.0;
				TARGETED_DEVICE_FAMILY = "1,2";
			};
			name = Release;
		};
/* End XCBuildConfiguration section */

/* Begin XCConfigurationList section */
		9086AF3E29EE0DA80084462D /* Build configuration list for PBXProject "The Process" */ = {
			isa = XCConfigurationList;
			buildConfigurations = (
				9086AF4F29EE0DA80084462D /* Debug */,
				9086AF5029EE0DA80084462D /* Release */,
			);
			defaultConfigurationIsVisible = 0;
			defaultConfigurationName = Release;
		};
		9086AF5129EE0DA80084462D /* Build configuration list for PBXNativeTarget "The Process" */ = {
			isa = XCConfigurationList;
			buildConfigurations = (
				9086AF5229EE0DA80084462D /* Debug */,
				9086AF5329EE0DA80084462D /* Release */,
			);
			defaultConfigurationIsVisible = 0;
			defaultConfigurationName = Release;
		};
/* End XCConfigurationList section */

/* Begin XCRemoteSwiftPackageReference section */
		90E418692ADDDB45001A8864 /* XCRemoteSwiftPackageReference "CodeScanner" */ = {
			isa = XCRemoteSwiftPackageReference;
			repositoryURL = "http://github.com/twostraws/CodeScanner";
			requirement = {
				kind = upToNextMajorVersion;
				minimumVersion = 2.3.3;
			};
		};
/* End XCRemoteSwiftPackageReference section */

/* Begin XCSwiftPackageProductDependency section */
		90E4186A2ADDDB45001A8864 /* CodeScanner */ = {
			isa = XCSwiftPackageProductDependency;
			package = 90E418692ADDDB45001A8864 /* XCRemoteSwiftPackageReference "CodeScanner" */;
			productName = CodeScanner;
		};
/* End XCSwiftPackageProductDependency section */
	};
	rootObject = 9086AF3B29EE0DA80084462D /* Project object */;
}
