
Microsoft Visual Studio Solution File, Format Version 12.00
# Visual Studio Version 16
VisualStudioVersion = 25.0.1704.0
MinimumVisualStudioVersion = 10.0.40219.1
Project("{FAE04EC0-301F-11D3-BF4B-00C04F79EFBC}") = "EnvironmentCrime", "EnvironmentCrime.csproj", "{57654BE9-F454-44E7-8B21-A682CB38A9B7}"
EndProject
Global
	GlobalSection(SolutionConfigurationPlatforms) = preSolution
		Debug|Any CPU = Debug|Any CPU
		Release|Any CPU = Release|Any CPU
	EndGlobalSection
	GlobalSection(ProjectConfigurationPlatforms) = postSolution
		{57654BE9-F454-44E7-8B21-A682CB38A9B7}.Debug|Any CPU.ActiveCfg = Debug|Any CPU
		{57654BE9-F454-44E7-8B21-A682CB38A9B7}.Debug|Any CPU.Build.0 = Debug|Any CPU
		{57654BE9-F454-44E7-8B21-A682CB38A9B7}.Release|Any CPU.ActiveCfg = Release|Any CPU
		{57654BE9-F454-44E7-8B21-A682CB38A9B7}.Release|Any CPU.Build.0 = Release|Any CPU
	EndGlobalSection
	GlobalSection(SolutionProperties) = preSolution
		HideSolutionNode = FALSE
	EndGlobalSection
	GlobalSection(ExtensibilityGlobals) = postSolution
		SolutionGuid = {35420797-030A-4FBA-8FEA-934361C37348}
	EndGlobalSection
EndGlobal
